// !$*UTF8*$!
{
	archiveVersion = 1;
	classes = {
	};
	objectVersion = 46;
	objects = {

/* Begin PBXBuildFile section */
		1E1BFD7F1C7AA57A00C99201 /* ScreenUtils.m in Sources */ = {isa = PBXBuildFile; fileRef = 1E1BFD7E1C7AA57A00C99201 /* ScreenUtils.m */; };
		1E4322121C755D59000953B7 /* DateUtils.m in Sources */ = {isa = PBXBuildFile; fileRef = 1E4322111C755D59000953B7 /* DateUtils.m */; };
		1E593A181C73FEA800AA1AB2 /* HttpUtils.m in Sources */ = {isa = PBXBuildFile; fileRef = 1E593A171C73FEA800AA1AB2 /* HttpUtils.m */; };
		1E72668F1C74008C004DFFC6 /* StringUtils.m in Sources */ = {isa = PBXBuildFile; fileRef = 1E72668E1C74008C004DFFC6 /* StringUtils.m */; };
		1E7266921C740116004DFFC6 /* ThreadUtils.m in Sources */ = {isa = PBXBuildFile; fileRef = 1E7266911C740116004DFFC6 /* ThreadUtils.m */; };
		1E7266951C74015B004DFFC6 /* UserDefaultUtils.m in Sources */ = {isa = PBXBuildFile; fileRef = 1E7266941C74015B004DFFC6 /* UserDefaultUtils.m */; };
		1E72669C1C745458004DFFC6 /* MainViewController.m in Sources */ = {isa = PBXBuildFile; fileRef = 1E72669B1C745458004DFFC6 /* MainViewController.m */; };
		1E752D111C7344C200F2EBB0 /* main.m in Sources */ = {isa = PBXBuildFile; fileRef = 1E752D101C7344C200F2EBB0 /* main.m */; };
		1E752D141C7344C200F2EBB0 /* AppDelegate.m in Sources */ = {isa = PBXBuildFile; fileRef = 1E752D131C7344C200F2EBB0 /* AppDelegate.m */; };
		1E752D171C7344C200F2EBB0 /* ViewController.m in Sources */ = {isa = PBXBuildFile; fileRef = 1E752D161C7344C200F2EBB0 /* ViewController.m */; };
		1E752D1A1C7344C200F2EBB0 /* Main.storyboard in Resources */ = {isa = PBXBuildFile; fileRef = 1E752D181C7344C200F2EBB0 /* Main.storyboard */; };
		1E752D1D1C7344C200F2EBB0 /* learnIos.xcdatamodeld in Sources */ = {isa = PBXBuildFile; fileRef = 1E752D1B1C7344C200F2EBB0 /* learnIos.xcdatamodeld */; };
		1E752D1F1C7344C200F2EBB0 /* Assets.xcassets in Resources */ = {isa = PBXBuildFile; fileRef = 1E752D1E1C7344C200F2EBB0 /* Assets.xcassets */; };
		1E752D221C7344C200F2EBB0 /* LaunchScreen.storyboard in Resources */ = {isa = PBXBuildFile; fileRef = 1E752D201C7344C200F2EBB0 /* LaunchScreen.storyboard */; };
		1E752D2D1C7344C300F2EBB0 /* learnIosTests.m in Sources */ = {isa = PBXBuildFile; fileRef = 1E752D2C1C7344C300F2EBB0 /* learnIosTests.m */; };
		1E752D381C7344C300F2EBB0 /* learnIosUITests.m in Sources */ = {isa = PBXBuildFile; fileRef = 1E752D371C7344C300F2EBB0 /* learnIosUITests.m */; };
		1E752D481C73453400F2EBB0 /* PersistenceUtils.m in Sources */ = {isa = PBXBuildFile; fileRef = 1E752D471C73453400F2EBB0 /* PersistenceUtils.m */; };
		1E7D50BE1C7D788B00A2B3F5 /* TimerEx.m in Sources */ = {isa = PBXBuildFile; fileRef = 1E7D50BD1C7D788B00A2B3F5 /* TimerEx.m */; };
		1EEB837F1C7ECD82009AF8D5 /* ToastUtils.m in Sources */ = {isa = PBXBuildFile; fileRef = 1EEB837E1C7ECD82009AF8D5 /* ToastUtils.m */; };
		1EEB83821C7FDD99009AF8D5 /* JsonUtils.m in Sources */ = {isa = PBXBuildFile; fileRef = 1EEB83811C7FDD99009AF8D5 /* JsonUtils.m */; };
		5541BE0F01EC201D64B225C4 /* libPods.a in Frameworks */ = {isa = PBXBuildFile; fileRef = 011361910B954799D80B5C44 /* libPods.a */; };
		EC52DCF21C74BD0100284E3A /* QuartzUIView.m in Sources */ = {isa = PBXBuildFile; fileRef = EC52DCF11C74BD0100284E3A /* QuartzUIView.m */; };
		EC52DCF51C74BE0B00284E3A /* UIColor+Random.m in Sources */ = {isa = PBXBuildFile; fileRef = EC52DCF41C74BE0B00284E3A /* UIColor+Random.m */; };
		ECAB6A961C7380ED00594365 /* libsqlite3.tbd in Frameworks */ = {isa = PBXBuildFile; fileRef = ECAB6A951C7380ED00594365 /* libsqlite3.tbd */; };
/* End PBXBuildFile section */

/* Begin PBXContainerItemProxy section */
		1E752D291C7344C300F2EBB0 /* PBXContainerItemProxy */ = {
			isa = PBXContainerItemProxy;
			containerPortal = 1E752D041C7344C200F2EBB0 /* Project object */;
			proxyType = 1;
			remoteGlobalIDString = 1E752D0B1C7344C200F2EBB0;
			remoteInfo = learnIos;
		};
		1E752D341C7344C300F2EBB0 /* PBXContainerItemProxy */ = {
			isa = PBXContainerItemProxy;
			containerPortal = 1E752D041C7344C200F2EBB0 /* Project object */;
			proxyType = 1;
			remoteGlobalIDString = 1E752D0B1C7344C200F2EBB0;
			remoteInfo = learnIos;
		};
/* End PBXContainerItemProxy section */

/* Begin PBXFileReference section */
		011361910B954799D80B5C44 /* libPods.a */ = {isa = PBXFileReference; explicitFileType = archive.ar; includeInIndex = 0; path = libPods.a; sourceTree = BUILT_PRODUCTS_DIR; };
		1E1BFD7D1C7AA57A00C99201 /* ScreenUtils.h */ = {isa = PBXFileReference; fileEncoding = 4; lastKnownFileType = sourcecode.c.h; name = ScreenUtils.h; path = Utils/ScreenUtils.h; sourceTree = "<group>"; };
		1E1BFD7E1C7AA57A00C99201 /* ScreenUtils.m */ = {isa = PBXFileReference; fileEncoding = 4; lastKnownFileType = sourcecode.c.objc; name = ScreenUtils.m; path = Utils/ScreenUtils.m; sourceTree = "<group>"; };
		1E4322101C755D59000953B7 /* DateUtils.h */ = {isa = PBXFileReference; fileEncoding = 4; lastKnownFileType = sourcecode.c.h; name = DateUtils.h; path = Utils/DateUtils.h; sourceTree = "<group>"; };
		1E4322111C755D59000953B7 /* DateUtils.m */ = {isa = PBXFileReference; fileEncoding = 4; lastKnownFileType = sourcecode.c.objc; name = DateUtils.m; path = Utils/DateUtils.m; sourceTree = "<group>"; };
		1E593A161C73FEA800AA1AB2 /* HttpUtils.h */ = {isa = PBXFileReference; fileEncoding = 4; lastKnownFileType = sourcecode.c.h; name = HttpUtils.h; path = Utils/HttpUtils.h; sourceTree = "<group>"; };
		1E593A171C73FEA800AA1AB2 /* HttpUtils.m */ = {isa = PBXFileReference; fileEncoding = 4; lastKnownFileType = sourcecode.c.objc; name = HttpUtils.m; path = Utils/HttpUtils.m; sourceTree = "<group>"; };
		1E72668D1C74008C004DFFC6 /* StringUtils.h */ = {isa = PBXFileReference; fileEncoding = 4; lastKnownFileType = sourcecode.c.h; name = StringUtils.h; path = Utils/StringUtils.h; sourceTree = "<group>"; };
		1E72668E1C74008C004DFFC6 /* StringUtils.m */ = {isa = PBXFileReference; fileEncoding = 4; lastKnownFileType = sourcecode.c.objc; name = StringUtils.m; path = Utils/StringUtils.m; sourceTree = "<group>"; };
		1E7266901C740116004DFFC6 /* ThreadUtils.h */ = {isa = PBXFileReference; fileEncoding = 4; lastKnownFileType = sourcecode.c.h; name = ThreadUtils.h; path = Utils/ThreadUtils.h; sourceTree = "<group>"; };
		1E7266911C740116004DFFC6 /* ThreadUtils.m */ = {isa = PBXFileReference; fileEncoding = 4; lastKnownFileType = sourcecode.c.objc; name = ThreadUtils.m; path = Utils/ThreadUtils.m; sourceTree = "<group>"; };
		1E7266931C74015B004DFFC6 /* UserDefaultUtils.h */ = {isa = PBXFileReference; fileEncoding = 4; lastKnownFileType = sourcecode.c.h; name = UserDefaultUtils.h; path = Utils/UserDefaultUtils.h; sourceTree = "<group>"; };
		1E7266941C74015B004DFFC6 /* UserDefaultUtils.m */ = {isa = PBXFileReference; fileEncoding = 4; lastKnownFileType = sourcecode.c.objc; name = UserDefaultUtils.m; path = Utils/UserDefaultUtils.m; sourceTree = "<group>"; };
		1E72669A1C745458004DFFC6 /* MainViewController.h */ = {isa = PBXFileReference; fileEncoding = 4; lastKnownFileType = sourcecode.c.h; name = MainViewController.h; path = Controllers/MainViewController.h; sourceTree = "<group>"; };
		1E72669B1C745458004DFFC6 /* MainViewController.m */ = {isa = PBXFileReference; fileEncoding = 4; lastKnownFileType = sourcecode.c.objc; name = MainViewController.m; path = Controllers/MainViewController.m; sourceTree = "<group>"; };
		1E752D0C1C7344C200F2EBB0 /* learnIos.app */ = {isa = PBXFileReference; explicitFileType = wrapper.application; includeInIndex = 0; path = learnIos.app; sourceTree = BUILT_PRODUCTS_DIR; };
		1E752D101C7344C200F2EBB0 /* main.m */ = {isa = PBXFileReference; lastKnownFileType = sourcecode.c.objc; path = main.m; sourceTree = "<group>"; };
		1E752D121C7344C200F2EBB0 /* AppDelegate.h */ = {isa = PBXFileReference; lastKnownFileType = sourcecode.c.h; path = AppDelegate.h; sourceTree = "<group>"; };
		1E752D131C7344C200F2EBB0 /* AppDelegate.m */ = {isa = PBXFileReference; lastKnownFileType = sourcecode.c.objc; path = AppDelegate.m; sourceTree = "<group>"; };
		1E752D151C7344C200F2EBB0 /* ViewController.h */ = {isa = PBXFileReference; lastKnownFileType = sourcecode.c.h; path = ViewController.h; sourceTree = "<group>"; };
		1E752D161C7344C200F2EBB0 /* ViewController.m */ = {isa = PBXFileReference; lastKnownFileType = sourcecode.c.objc; path = ViewController.m; sourceTree = "<group>"; };
		1E752D191C7344C200F2EBB0 /* Base */ = {isa = PBXFileReference; lastKnownFileType = file.storyboard; name = Base; path = Base.lproj/Main.storyboard; sourceTree = "<group>"; };
		1E752D1C1C7344C200F2EBB0 /* learnIos.xcdatamodel */ = {isa = PBXFileReference; lastKnownFileType = wrapper.xcdatamodel; path = learnIos.xcdatamodel; sourceTree = "<group>"; };
		1E752D1E1C7344C200F2EBB0 /* Assets.xcassets */ = {isa = PBXFileReference; lastKnownFileType = folder.assetcatalog; path = Assets.xcassets; sourceTree = "<group>"; };
		1E752D211C7344C200F2EBB0 /* Base */ = {isa = PBXFileReference; lastKnownFileType = file.storyboard; name = Base; path = Base.lproj/LaunchScreen.storyboard; sourceTree = "<group>"; };
		1E752D231C7344C200F2EBB0 /* Info.plist */ = {isa = PBXFileReference; lastKnownFileType = text.plist.xml; path = Info.plist; sourceTree = "<group>"; };
		1E752D281C7344C300F2EBB0 /* learnIosTests.xctest */ = {isa = PBXFileReference; explicitFileType = wrapper.cfbundle; includeInIndex = 0; path = learnIosTests.xctest; sourceTree = BUILT_PRODUCTS_DIR; };
		1E752D2C1C7344C300F2EBB0 /* learnIosTests.m */ = {isa = PBXFileReference; lastKnownFileType = sourcecode.c.objc; path = learnIosTests.m; sourceTree = "<group>"; };
		1E752D2E1C7344C300F2EBB0 /* Info.plist */ = {isa = PBXFileReference; lastKnownFileType = text.plist.xml; path = Info.plist; sourceTree = "<group>"; };
		1E752D331C7344C300F2EBB0 /* learnIosUITests.xctest */ = {isa = PBXFileReference; explicitFileType = wrapper.cfbundle; includeInIndex = 0; path = learnIosUITests.xctest; sourceTree = BUILT_PRODUCTS_DIR; };
		1E752D371C7344C300F2EBB0 /* learnIosUITests.m */ = {isa = PBXFileReference; lastKnownFileType = sourcecode.c.objc; path = learnIosUITests.m; sourceTree = "<group>"; };
		1E752D391C7344C300F2EBB0 /* Info.plist */ = {isa = PBXFileReference; lastKnownFileType = text.plist.xml; path = Info.plist; sourceTree = "<group>"; };
		1E752D461C73453400F2EBB0 /* PersistenceUtils.h */ = {isa = PBXFileReference; fileEncoding = 4; lastKnownFileType = sourcecode.c.h; name = PersistenceUtils.h; path = Utils/PersistenceUtils.h; sourceTree = "<group>"; };
		1E752D471C73453400F2EBB0 /* PersistenceUtils.m */ = {isa = PBXFileReference; fileEncoding = 4; lastKnownFileType = sourcecode.c.objc; name = PersistenceUtils.m; path = Utils/PersistenceUtils.m; sourceTree = "<group>"; };
		1E7D50BC1C7D788A00A2B3F5 /* TimerEx.h */ = {isa = PBXFileReference; fileEncoding = 4; lastKnownFileType = sourcecode.c.h; name = TimerEx.h; path = Utils/TimerEx.h; sourceTree = "<group>"; };
		1E7D50BD1C7D788B00A2B3F5 /* TimerEx.m */ = {isa = PBXFileReference; fileEncoding = 4; lastKnownFileType = sourcecode.c.objc; name = TimerEx.m; path = Utils/TimerEx.m; sourceTree = "<group>"; };
		1EEB837D1C7ECD81009AF8D5 /* ToastUtils.h */ = {isa = PBXFileReference; fileEncoding = 4; lastKnownFileType = sourcecode.c.h; name = ToastUtils.h; path = Utils/ToastUtils.h; sourceTree = "<group>"; };
		1EEB837E1C7ECD82009AF8D5 /* ToastUtils.m */ = {isa = PBXFileReference; fileEncoding = 4; lastKnownFileType = sourcecode.c.objc; name = ToastUtils.m; path = Utils/ToastUtils.m; sourceTree = "<group>"; };
		1EEB83801C7FDD99009AF8D5 /* JsonUtils.h */ = {isa = PBXFileReference; fileEncoding = 4; lastKnownFileType = sourcecode.c.h; name = JsonUtils.h; path = Utils/JsonUtils.h; sourceTree = "<group>"; };
		1EEB83811C7FDD99009AF8D5 /* JsonUtils.m */ = {isa = PBXFileReference; fileEncoding = 4; lastKnownFileType = sourcecode.c.objc; name = JsonUtils.m; path = Utils/JsonUtils.m; sourceTree = "<group>"; };
		D6B9683965A4298DEB1632DF /* Pods.release.xcconfig */ = {isa = PBXFileReference; includeInIndex = 1; lastKnownFileType = text.xcconfig; name = Pods.release.xcconfig; path = "Pods/Target Support Files/Pods/Pods.release.xcconfig"; sourceTree = "<group>"; };
		EC52DCF01C74BD0100284E3A /* QuartzUIView.h */ = {isa = PBXFileReference; fileEncoding = 4; lastKnownFileType = sourcecode.c.h; name = QuartzUIView.h; path = Removable/QuartzUIView.h; sourceTree = "<group>"; };
		EC52DCF11C74BD0100284E3A /* QuartzUIView.m */ = {isa = PBXFileReference; fileEncoding = 4; lastKnownFileType = sourcecode.c.objc; name = QuartzUIView.m; path = Removable/QuartzUIView.m; sourceTree = "<group>"; };
		EC52DCF31C74BE0B00284E3A /* UIColor+Random.h */ = {isa = PBXFileReference; fileEncoding = 4; lastKnownFileType = sourcecode.c.h; name = "UIColor+Random.h"; path = "Removable/UIColor+Random.h"; sourceTree = "<group>"; };
		EC52DCF41C74BE0B00284E3A /* UIColor+Random.m */ = {isa = PBXFileReference; fileEncoding = 4; lastKnownFileType = sourcecode.c.objc; name = "UIColor+Random.m"; path = "Removable/UIColor+Random.m"; sourceTree = "<group>"; };
		ECAB6A951C7380ED00594365 /* libsqlite3.tbd */ = {isa = PBXFileReference; lastKnownFileType = "sourcecode.text-based-dylib-definition"; name = libsqlite3.tbd; path = usr/lib/libsqlite3.tbd; sourceTree = SDKROOT; };
		EF6D66F7CD45FF1FC7AA0E0B /* Pods.debug.xcconfig */ = {isa = PBXFileReference; includeInIndex = 1; lastKnownFileType = text.xcconfig; name = Pods.debug.xcconfig; path = "Pods/Target Support Files/Pods/Pods.debug.xcconfig"; sourceTree = "<group>"; };
/* End PBXFileReference section */

/* Begin PBXFrameworksBuildPhase section */
		1E752D091C7344C200F2EBB0 /* Frameworks */ = {
			isa = PBXFrameworksBuildPhase;
			buildActionMask = 2147483647;
			files = (
				ECAB6A961C7380ED00594365 /* libsqlite3.tbd in Frameworks */,
				5541BE0F01EC201D64B225C4 /* libPods.a in Frameworks */,
			);
			runOnlyForDeploymentPostprocessing = 0;
		};
		1E752D251C7344C300F2EBB0 /* Frameworks */ = {
			isa = PBXFrameworksBuildPhase;
			buildActionMask = 2147483647;
			files = (
			);
			runOnlyForDeploymentPostprocessing = 0;
		};
		1E752D301C7344C300F2EBB0 /* Frameworks */ = {
			isa = PBXFrameworksBuildPhase;
			buildActionMask = 2147483647;
			files = (
			);
			runOnlyForDeploymentPostprocessing = 0;
		};
/* End PBXFrameworksBuildPhase section */

/* Begin PBXGroup section */
		1E7266961C7453F7004DFFC6 /* Controllers */ = {
			isa = PBXGroup;
			children = (
				1E72669A1C745458004DFFC6 /* MainViewController.h */,
				1E72669B1C745458004DFFC6 /* MainViewController.m */,
			);
			name = Controllers;
			sourceTree = "<group>";
		};
		1E752D031C7344C200F2EBB0 = {
			isa = PBXGroup;
			children = (
				ECAB6A951C7380ED00594365 /* libsqlite3.tbd */,
				1E752D0E1C7344C200F2EBB0 /* learnIos */,
				1E752D2B1C7344C300F2EBB0 /* learnIosTests */,
				1E752D361C7344C300F2EBB0 /* learnIosUITests */,
				1E752D0D1C7344C200F2EBB0 /* Products */,
				A9D503493389CED0B02294AF /* Pods */,
				D665BADF1AEBB23F0C5C54FC /* Frameworks */,
			);
			sourceTree = "<group>";
		};
		1E752D0D1C7344C200F2EBB0 /* Products */ = {
			isa = PBXGroup;
			children = (
				1E752D0C1C7344C200F2EBB0 /* learnIos.app */,
				1E752D281C7344C300F2EBB0 /* learnIosTests.xctest */,
				1E752D331C7344C300F2EBB0 /* learnIosUITests.xctest */,
			);
			name = Products;
			sourceTree = "<group>";
		};
		1E752D0E1C7344C200F2EBB0 /* learnIos */ = {
			isa = PBXGroup;
			children = (
				1EEB837C1C7ECD58009AF8D5 /* Views */,
				EC52DCEF1C74BC9F00284E3A /* Removable */,
				1E7266961C7453F7004DFFC6 /* Controllers */,
				1E752D451C7344DF00F2EBB0 /* Utils */,
				1E752D121C7344C200F2EBB0 /* AppDelegate.h */,
				1E752D131C7344C200F2EBB0 /* AppDelegate.m */,
				1E752D151C7344C200F2EBB0 /* ViewController.h */,
				1E752D161C7344C200F2EBB0 /* ViewController.m */,
				1E752D181C7344C200F2EBB0 /* Main.storyboard */,
				1E752D1E1C7344C200F2EBB0 /* Assets.xcassets */,
				1E752D201C7344C200F2EBB0 /* LaunchScreen.storyboard */,
				1E752D231C7344C200F2EBB0 /* Info.plist */,
				1E752D1B1C7344C200F2EBB0 /* learnIos.xcdatamodeld */,
				1E752D0F1C7344C200F2EBB0 /* Supporting Files */,
			);
			path = learnIos;
			sourceTree = "<group>";
		};
		1E752D0F1C7344C200F2EBB0 /* Supporting Files */ = {
			isa = PBXGroup;
			children = (
				1E752D101C7344C200F2EBB0 /* main.m */,
			);
			name = "Supporting Files";
			sourceTree = "<group>";
		};
		1E752D2B1C7344C300F2EBB0 /* learnIosTests */ = {
			isa = PBXGroup;
			children = (
				1E752D2C1C7344C300F2EBB0 /* learnIosTests.m */,
				1E752D2E1C7344C300F2EBB0 /* Info.plist */,
			);
			path = learnIosTests;
			sourceTree = "<group>";
		};
		1E752D361C7344C300F2EBB0 /* learnIosUITests */ = {
			isa = PBXGroup;
			children = (
				1E752D371C7344C300F2EBB0 /* learnIosUITests.m */,
				1E752D391C7344C300F2EBB0 /* Info.plist */,
			);
			path = learnIosUITests;
			sourceTree = "<group>";
		};
		1E752D451C7344DF00F2EBB0 /* Utils */ = {
			isa = PBXGroup;
			children = (
				1E752D461C73453400F2EBB0 /* PersistenceUtils.h */,
				1E752D471C73453400F2EBB0 /* PersistenceUtils.m */,
				1E593A161C73FEA800AA1AB2 /* HttpUtils.h */,
				1E593A171C73FEA800AA1AB2 /* HttpUtils.m */,
				1E72668D1C74008C004DFFC6 /* StringUtils.h */,
				1E72668E1C74008C004DFFC6 /* StringUtils.m */,
				1E7266901C740116004DFFC6 /* ThreadUtils.h */,
				1E7266911C740116004DFFC6 /* ThreadUtils.m */,
				1E7266931C74015B004DFFC6 /* UserDefaultUtils.h */,
				1E7266941C74015B004DFFC6 /* UserDefaultUtils.m */,
				1E4322101C755D59000953B7 /* DateUtils.h */,
				1E4322111C755D59000953B7 /* DateUtils.m */,
				1E1BFD7D1C7AA57A00C99201 /* ScreenUtils.h */,
				1E1BFD7E1C7AA57A00C99201 /* ScreenUtils.m */,
				1E7D50BC1C7D788A00A2B3F5 /* TimerEx.h */,
				1E7D50BD1C7D788B00A2B3F5 /* TimerEx.m */,
				1EEB837D1C7ECD81009AF8D5 /* ToastUtils.h */,
				1EEB837E1C7ECD82009AF8D5 /* ToastUtils.m */,
				1EEB83801C7FDD99009AF8D5 /* JsonUtils.h */,
				1EEB83811C7FDD99009AF8D5 /* JsonUtils.m */,
			);
			name = Utils;
			sourceTree = "<group>";
		};
		1EEB837C1C7ECD58009AF8D5 /* Views */ = {
			isa = PBXGroup;
			children = (
			);
			name = Views;
			sourceTree = "<group>";
		};
		A9D503493389CED0B02294AF /* Pods */ = {
			isa = PBXGroup;
			children = (
				EF6D66F7CD45FF1FC7AA0E0B /* Pods.debug.xcconfig */,
				D6B9683965A4298DEB1632DF /* Pods.release.xcconfig */,
			);
			name = Pods;
			sourceTree = "<group>";
		};
		D665BADF1AEBB23F0C5C54FC /* Frameworks */ = {
			isa = PBXGroup;
			children = (
				011361910B954799D80B5C44 /* libPods.a */,
			);
			name = Frameworks;
			sourceTree = "<group>";
		};
		EC52DCEF1C74BC9F00284E3A /* Removable */ = {
			isa = PBXGroup;
			children = (
				EC52DCF01C74BD0100284E3A /* QuartzUIView.h */,
				EC52DCF11C74BD0100284E3A /* QuartzUIView.m */,
				EC52DCF31C74BE0B00284E3A /* UIColor+Random.h */,
				EC52DCF41C74BE0B00284E3A /* UIColor+Random.m */,
			);
			name = Removable;
			sourceTree = "<group>";
		};
/* End PBXGroup section */

/* Begin PBXNativeTarget section */
		1E752D0B1C7344C200F2EBB0 /* learnIos */ = {
			isa = PBXNativeTarget;
			buildConfigurationList = 1E752D3C1C7344C300F2EBB0 /* Build configuration list for PBXNativeTarget "learnIos" */;
			buildPhases = (
				1747D4C785CB18C5FFAF81F9 /* Check Pods Manifest.lock */,
				1E752D081C7344C200F2EBB0 /* Sources */,
				1E752D091C7344C200F2EBB0 /* Frameworks */,
				1E752D0A1C7344C200F2EBB0 /* Resources */,
				C1DA3F37A7545DE904DA21ED /* Embed Pods Frameworks */,
				787F83AEC5DC5101A38136B8 /* Copy Pods Resources */,
			);
			buildRules = (
			);
			dependencies = (
			);
			name = learnIos;
			productName = learnIos;
			productReference = 1E752D0C1C7344C200F2EBB0 /* learnIos.app */;
			productType = "com.apple.product-type.application";
		};
		1E752D271C7344C300F2EBB0 /* learnIosTests */ = {
			isa = PBXNativeTarget;
			buildConfigurationList = 1E752D3F1C7344C300F2EBB0 /* Build configuration list for PBXNativeTarget "learnIosTests" */;
			buildPhases = (
				1E752D241C7344C300F2EBB0 /* Sources */,
				1E752D251C7344C300F2EBB0 /* Frameworks */,
				1E752D261C7344C300F2EBB0 /* Resources */,
			);
			buildRules = (
			);
			dependencies = (
				1E752D2A1C7344C300F2EBB0 /* PBXTargetDependency */,
			);
			name = learnIosTests;
			productName = learnIosTests;
			productReference = 1E752D281C7344C300F2EBB0 /* learnIosTests.xctest */;
			productType = "com.apple.product-type.bundle.unit-test";
		};
		1E752D321C7344C300F2EBB0 /* learnIosUITests */ = {
			isa = PBXNativeTarget;
			buildConfigurationList = 1E752D421C7344C300F2EBB0 /* Build configuration list for PBXNativeTarget "learnIosUITests" */;
			buildPhases = (
				1E752D2F1C7344C300F2EBB0 /* Sources */,
				1E752D301C7344C300F2EBB0 /* Frameworks */,
				1E752D311C7344C300F2EBB0 /* Resources */,
			);
			buildRules = (
			);
			dependencies = (
				1E752D351C7344C300F2EBB0 /* PBXTargetDependency */,
			);
			name = learnIosUITests;
			productName = learnIosUITests;
			productReference = 1E752D331C7344C300F2EBB0 /* learnIosUITests.xctest */;
			productType = "com.apple.product-type.bundle.ui-testing";
		};
/* End PBXNativeTarget section */

/* Begin PBXProject section */
		1E752D041C7344C200F2EBB0 /* Project object */ = {
			isa = PBXProject;
			attributes = {
				LastUpgradeCheck = 0720;
				ORGANIZATIONNAME = chunminglu;
				TargetAttributes = {
					1E752D0B1C7344C200F2EBB0 = {
						CreatedOnToolsVersion = 7.2.1;
					};
					1E752D271C7344C300F2EBB0 = {
						CreatedOnToolsVersion = 7.2.1;
						TestTargetID = 1E752D0B1C7344C200F2EBB0;
					};
					1E752D321C7344C300F2EBB0 = {
						CreatedOnToolsVersion = 7.2.1;
						TestTargetID = 1E752D0B1C7344C200F2EBB0;
					};
				};
			};
			buildConfigurationList = 1E752D071C7344C200F2EBB0 /* Build configuration list for PBXProject "learnIos" */;
			compatibilityVersion = "Xcode 3.2";
			developmentRegion = English;
			hasScannedForEncodings = 0;
			knownRegions = (
				en,
				Base,
			);
			mainGroup = 1E752D031C7344C200F2EBB0;
			productRefGroup = 1E752D0D1C7344C200F2EBB0 /* Products */;
			projectDirPath = "";
			projectRoot = "";
			targets = (
				1E752D0B1C7344C200F2EBB0 /* learnIos */,
				1E752D271C7344C300F2EBB0 /* learnIosTests */,
				1E752D321C7344C300F2EBB0 /* learnIosUITests */,
			);
		};
/* End PBXProject section */

/* Begin PBXResourcesBuildPhase section */
		1E752D0A1C7344C200F2EBB0 /* Resources */ = {
			isa = PBXResourcesBuildPhase;
			buildActionMask = 2147483647;
			files = (
				1E752D221C7344C200F2EBB0 /* LaunchScreen.storyboard in Resources */,
				1E752D1F1C7344C200F2EBB0 /* Assets.xcassets in Resources */,
				1E752D1A1C7344C200F2EBB0 /* Main.storyboard in Resources */,
			);
			runOnlyForDeploymentPostprocessing = 0;
		};
		1E752D261C7344C300F2EBB0 /* Resources */ = {
			isa = PBXResourcesBuildPhase;
			buildActionMask = 2147483647;
			files = (
			);
			runOnlyForDeploymentPostprocessing = 0;
		};
		1E752D311C7344C300F2EBB0 /* Resources */ = {
			isa = PBXResourcesBuildPhase;
			buildActionMask = 2147483647;
			files = (
			);
			runOnlyForDeploymentPostprocessing = 0;
		};
/* End PBXResourcesBuildPhase section */

/* Begin PBXShellScriptBuildPhase section */
		1747D4C785CB18C5FFAF81F9 /* Check Pods Manifest.lock */ = {
			isa = PBXShellScriptBuildPhase;
			buildActionMask = 2147483647;
			files = (
			);
			inputPaths = (
			);
			name = "Check Pods Manifest.lock";
			outputPaths = (
			);
			runOnlyForDeploymentPostprocessing = 0;
			shellPath = /bin/sh;
			shellScript = "diff \"${PODS_ROOT}/../Podfile.lock\" \"${PODS_ROOT}/Manifest.lock\" > /dev/null\nif [[ $? != 0 ]] ; then\n    cat << EOM\nerror: The sandbox is not in sync with the Podfile.lock. Run 'pod install' or update your CocoaPods installation.\nEOM\n    exit 1\nfi\n";
			showEnvVarsInLog = 0;
		};
		787F83AEC5DC5101A38136B8 /* Copy Pods Resources */ = {
			isa = PBXShellScriptBuildPhase;
			buildActionMask = 2147483647;
			files = (
			);
			inputPaths = (
			);
			name = "Copy Pods Resources";
			outputPaths = (
			);
			runOnlyForDeploymentPostprocessing = 0;
			shellPath = /bin/sh;
			shellScript = "\"${SRCROOT}/Pods/Target Support Files/Pods/Pods-resources.sh\"\n";
			showEnvVarsInLog = 0;
		};
		C1DA3F37A7545DE904DA21ED /* Embed Pods Frameworks */ = {
			isa = PBXShellScriptBuildPhase;
			buildActionMask = 2147483647;
			files = (
			);
			inputPaths = (
			);
			name = "Embed Pods Frameworks";
			outputPaths = (
			);
			runOnlyForDeploymentPostprocessing = 0;
			shellPath = /bin/sh;
			shellScript = "\"${SRCROOT}/Pods/Target Support Files/Pods/Pods-frameworks.sh\"\n";
			showEnvVarsInLog = 0;
		};
/* End PBXShellScriptBuildPhase section */

/* Begin PBXSourcesBuildPhase section */
		1E752D081C7344C200F2EBB0 /* Sources */ = {
			isa = PBXSourcesBuildPhase;
			buildActionMask = 2147483647;
			files = (
				EC52DCF51C74BE0B00284E3A /* UIColor+Random.m in Sources */,
				1E72668F1C74008C004DFFC6 /* StringUtils.m in Sources */,
				1E7266921C740116004DFFC6 /* ThreadUtils.m in Sources */,
				1EEB837F1C7ECD82009AF8D5 /* ToastUtils.m in Sources */,
				1E752D171C7344C200F2EBB0 /* ViewController.m in Sources */,
				1E72669C1C745458004DFFC6 /* MainViewController.m in Sources */,
				1E1BFD7F1C7AA57A00C99201 /* ScreenUtils.m in Sources */,
				1EEB83821C7FDD99009AF8D5 /* JsonUtils.m in Sources */,
				1E752D141C7344C200F2EBB0 /* AppDelegate.m in Sources */,
				1E4322121C755D59000953B7 /* DateUtils.m in Sources */,
				1E752D1D1C7344C200F2EBB0 /* learnIos.xcdatamodeld in Sources */,
				1E593A181C73FEA800AA1AB2 /* HttpUtils.m in Sources */,
				1E752D111C7344C200F2EBB0 /* main.m in Sources */,
				1E7266951C74015B004DFFC6 /* UserDefaultUtils.m in Sources */,
				1E7D50BE1C7D788B00A2B3F5 /* TimerEx.m in Sources */,
				EC52DCF21C74BD0100284E3A /* QuartzUIView.m in Sources */,
				1E752D481C73453400F2EBB0 /* PersistenceUtils.m in Sources */,
			);
			runOnlyForDeploymentPostprocessing = 0;
		};
		1E752D241C7344C300F2EBB0 /* Sources */ = {
			isa = PBXSourcesBuildPhase;
			buildActionMask = 2147483647;
			files = (
				1E752D2D1C7344C300F2EBB0 /* learnIosTests.m in Sources */,
			);
			runOnlyForDeploymentPostprocessing = 0;
		};
		1E752D2F1C7344C300F2EBB0 /* Sources */ = {
			isa = PBXSourcesBuildPhase;
			buildActionMask = 2147483647;
			files = (
				1E752D381C7344C300F2EBB0 /* learnIosUITests.m in Sources */,
			);
			runOnlyForDeploymentPostprocessing = 0;
		};
/* End PBXSourcesBuildPhase section */

/* Begin PBXTargetDependency section */
		1E752D2A1C7344C300F2EBB0 /* PBXTargetDependency */ = {
			isa = PBXTargetDependency;
			target = 1E752D0B1C7344C200F2EBB0 /* learnIos */;
			targetProxy = 1E752D291C7344C300F2EBB0 /* PBXContainerItemProxy */;
		};
		1E752D351C7344C300F2EBB0 /* PBXTargetDependency */ = {
			isa = PBXTargetDependency;
			target = 1E752D0B1C7344C200F2EBB0 /* learnIos */;
			targetProxy = 1E752D341C7344C300F2EBB0 /* PBXContainerItemProxy */;
		};
/* End PBXTargetDependency section */

/* Begin PBXVariantGroup section */
		1E752D181C7344C200F2EBB0 /* Main.storyboard */ = {
			isa = PBXVariantGroup;
			children = (
				1E752D191C7344C200F2EBB0 /* Base */,
			);
			name = Main.storyboard;
			sourceTree = "<group>";
		};
		1E752D201C7344C200F2EBB0 /* LaunchScreen.storyboard */ = {
			isa = PBXVariantGroup;
			children = (
				1E752D211C7344C200F2EBB0 /* Base */,
			);
			name = LaunchScreen.storyboard;
			sourceTree = "<group>";
		};
/* End PBXVariantGroup section */

/* Begin XCBuildConfiguration section */
		1E752D3A1C7344C300F2EBB0 /* Debug */ = {
			isa = XCBuildConfiguration;
			buildSettings = {
				ALWAYS_SEARCH_USER_PATHS = NO;
				CLANG_CXX_LANGUAGE_STANDARD = "gnu++0x";
				CLANG_CXX_LIBRARY = "libc++";
				CLANG_ENABLE_MODULES = YES;
				CLANG_ENABLE_OBJC_ARC = YES;
				CLANG_WARN_BOOL_CONVERSION = YES;
				CLANG_WARN_CONSTANT_CONVERSION = YES;
				CLANG_WARN_DIRECT_OBJC_ISA_USAGE = YES_ERROR;
				CLANG_WARN_EMPTY_BODY = YES;
				CLANG_WARN_ENUM_CONVERSION = YES;
				CLANG_WARN_INT_CONVERSION = YES;
				CLANG_WARN_OBJC_ROOT_CLASS = YES_ERROR;
				CLANG_WARN_UNREACHABLE_CODE = YES;
				CLANG_WARN__DUPLICATE_METHOD_MATCH = YES;
				"CODE_SIGN_IDENTITY[sdk=iphoneos*]" = "iPhone Developer";
				COPY_PHASE_STRIP = NO;
				DEBUG_INFORMATION_FORMAT = dwarf;
				ENABLE_STRICT_OBJC_MSGSEND = YES;
				ENABLE_TESTABILITY = YES;
				GCC_C_LANGUAGE_STANDARD = gnu99;
				GCC_DYNAMIC_NO_PIC = NO;
				GCC_NO_COMMON_BLOCKS = YES;
				GCC_OPTIMIZATION_LEVEL = 0;
				GCC_PREPROCESSOR_DEFINITIONS = (
					"DEBUG=1",
					"$(inherited)",
				);
				GCC_WARN_64_TO_32_BIT_CONVERSION = YES;
				GCC_WARN_ABOUT_RETURN_TYPE = YES_ERROR;
				GCC_WARN_UNDECLARED_SELECTOR = YES;
				GCC_WARN_UNINITIALIZED_AUTOS = YES_AGGRESSIVE;
				GCC_WARN_UNUSED_FUNCTION = YES;
				GCC_WARN_UNUSED_VARIABLE = YES;
				IPHONEOS_DEPLOYMENT_TARGET = 9.2;
				MTL_ENABLE_DEBUG_INFO = YES;
				ONLY_ACTIVE_ARCH = YES;
				SDKROOT = iphoneos;
				TARGETED_DEVICE_FAMILY = "1,2";
			};
			name = Debug;
		};
		1E752D3B1C7344C300F2EBB0 /* Release */ = {
			isa = XCBuildConfiguration;
			buildSettings = {
				ALWAYS_SEARCH_USER_PATHS = NO;
				CLANG_CXX_LANGUAGE_STANDARD = "gnu++0x";
				CLANG_CXX_LIBRARY = "libc++";
				CLANG_ENABLE_MODULES = YES;
				CLANG_ENABLE_OBJC_ARC = YES;
				CLANG_WARN_BOOL_CONVERSION = YES;
				CLANG_WARN_CONSTANT_CONVERSION = YES;
				CLANG_WARN_DIRECT_OBJC_ISA_USAGE = YES_ERROR;
				CLANG_WARN_EMPTY_BODY = YES;
				CLANG_WARN_ENUM_CONVERSION = YES;
				CLANG_WARN_INT_CONVERSION = YES;
				CLANG_WARN_OBJC_ROOT_CLASS = YES_ERROR;
				CLANG_WARN_UNREACHABLE_CODE = YES;
				CLANG_WARN__DUPLICATE_METHOD_MATCH = YES;
				"CODE_SIGN_IDENTITY[sdk=iphoneos*]" = "iPhone Developer";
				COPY_PHASE_STRIP = NO;
				DEBUG_INFORMATION_FORMAT = "dwarf-with-dsym";
				ENABLE_NS_ASSERTIONS = NO;
				ENABLE_STRICT_OBJC_MSGSEND = YES;
				GCC_C_LANGUAGE_STANDARD = gnu99;
				GCC_NO_COMMON_BLOCKS = YES;
				GCC_WARN_64_TO_32_BIT_CONVERSION = YES;
				GCC_WARN_ABOUT_RETURN_TYPE = YES_ERROR;
				GCC_WARN_UNDECLARED_SELECTOR = YES;
				GCC_WARN_UNINITIALIZED_AUTOS = YES_AGGRESSIVE;
				GCC_WARN_UNUSED_FUNCTION = YES;
				GCC_WARN_UNUSED_VARIABLE = YES;
				IPHONEOS_DEPLOYMENT_TARGET = 9.2;
				MTL_ENABLE_DEBUG_INFO = NO;
				SDKROOT = iphoneos;
				TARGETED_DEVICE_FAMILY = "1,2";
				VALIDATE_PRODUCT = YES;
			};
			name = Release;
		};
		1E752D3D1C7344C300F2EBB0 /* Debug */ = {
			isa = XCBuildConfiguration;
			baseConfigurationReference = EF6D66F7CD45FF1FC7AA0E0B /* Pods.debug.xcconfig */;
			buildSettings = {
				ASSETCATALOG_COMPILER_APPICON_NAME = AppIcon;
				INFOPLIST_FILE = learnIos/Info.plist;
				LD_RUNPATH_SEARCH_PATHS = "$(inherited) @executable_path/Frameworks";
				PRODUCT_BUNDLE_IDENTIFIER = org.cmlu.learnIos;
				PRODUCT_NAME = "$(TARGET_NAME)";
			};
			name = Debug;
		};
		1E752D3E1C7344C300F2EBB0 /* Release */ = {
			isa = XCBuildConfiguration;
			baseConfigurationReference = D6B9683965A4298DEB1632DF /* Pods.release.xcconfig */;
			buildSettings = {
				ASSETCATALOG_COMPILER_APPICON_NAME = AppIcon;
				INFOPLIST_FILE = learnIos/Info.plist;
				LD_RUNPATH_SEARCH_PATHS = "$(inherited) @executable_path/Frameworks";
				PRODUCT_BUNDLE_IDENTIFIER = org.cmlu.learnIos;
				PRODUCT_NAME = "$(TARGET_NAME)";
			};
			name = Release;
		};
		1E752D401C7344C300F2EBB0 /* Debug */ = {
			isa = XCBuildConfiguration;
			buildSettings = {
				BUNDLE_LOADER = "$(TEST_HOST)";
				INFOPLIST_FILE = learnIosTests/Info.plist;
				LD_RUNPATH_SEARCH_PATHS = "$(inherited) @executable_path/Frameworks @loader_path/Frameworks";
				PRODUCT_BUNDLE_IDENTIFIER = org.cmlu.learnIosTests;
				PRODUCT_NAME = "$(TARGET_NAME)";
				TEST_HOST = "$(BUILT_PRODUCTS_DIR)/learnIos.app/learnIos";
			};
			name = Debug;
		};
		1E752D411C7344C300F2EBB0 /* Release */ = {
			isa = XCBuildConfiguration;
			buildSettings = {
				BUNDLE_LOADER = "$(TEST_HOST)";
				INFOPLIST_FILE = learnIosTests/Info.plist;
				LD_RUNPATH_SEARCH_PATHS = "$(inherited) @executable_path/Frameworks @loader_path/Frameworks";
				PRODUCT_BUNDLE_IDENTIFIER = org.cmlu.learnIosTests;
				PRODUCT_NAME = "$(TARGET_NAME)";
				TEST_HOST = "$(BUILT_PRODUCTS_DIR)/learnIos.app/learnIos";
			};
			name = Release;
		};
		1E752D431C7344C300F2EBB0 /* Debug */ = {
			isa = XCBuildConfiguration;
			buildSettings = {
				INFOPLIST_FILE = learnIosUITests/Info.plist;
				LD_RUNPATH_SEARCH_PATHS = "$(inherited) @executable_path/Frameworks @loader_path/Frameworks";
				PRODUCT_BUNDLE_IDENTIFIER = org.cmlu.learnIosUITests;
				PRODUCT_NAME = "$(TARGET_NAME)";
				TEST_TARGET_NAME = learnIos;
				USES_XCTRUNNER = YES;
			};
			name = Debug;
		};
		1E752D441C7344C300F2EBB0 /* Release */ = {
			isa = XCBuildConfiguration;
			buildSettings = {
				INFOPLIST_FILE = learnIosUITests/Info.plist;
				LD_RUNPATH_SEARCH_PATHS = "$(inherited) @executable_path/Frameworks @loader_path/Frameworks";
				PRODUCT_BUNDLE_IDENTIFIER = org.cmlu.learnIosUITests;
				PRODUCT_NAME = "$(TARGET_NAME)";
				TEST_TARGET_NAME = learnIos;
				USES_XCTRUNNER = YES;
			};
			name = Release;
		};
/* End XCBuildConfiguration section */

/* Begin XCConfigurationList section */
		1E752D071C7344C200F2EBB0 /* Build configuration list for PBXProject "learnIos" */ = {
			isa = XCConfigurationList;
			buildConfigurations = (
				1E752D3A1C7344C300F2EBB0 /* Debug */,
				1E752D3B1C7344C300F2EBB0 /* Release */,
			);
			defaultConfigurationIsVisible = 0;
			defaultConfigurationName = Release;
		};
		1E752D3C1C7344C300F2EBB0 /* Build configuration list for PBXNativeTarget "learnIos" */ = {
			isa = XCConfigurationList;
			buildConfigurations = (
				1E752D3D1C7344C300F2EBB0 /* Debug */,
				1E752D3E1C7344C300F2EBB0 /* Release */,
			);
			defaultConfigurationIsVisible = 0;
			defaultConfigurationName = Release;
		};
		1E752D3F1C7344C300F2EBB0 /* Build configuration list for PBXNativeTarget "learnIosTests" */ = {
			isa = XCConfigurationList;
			buildConfigurations = (
				1E752D401C7344C300F2EBB0 /* Debug */,
				1E752D411C7344C300F2EBB0 /* Release */,
			);
			defaultConfigurationIsVisible = 0;
			defaultConfigurationName = Release;
		};
		1E752D421C7344C300F2EBB0 /* Build configuration list for PBXNativeTarget "learnIosUITests" */ = {
			isa = XCConfigurationList;
			buildConfigurations = (
				1E752D431C7344C300F2EBB0 /* Debug */,
				1E752D441C7344C300F2EBB0 /* Release */,
			);
			defaultConfigurationIsVisible = 0;
			defaultConfigurationName = Release;
		};
/* End XCConfigurationList section */

/* Begin XCVersionGroup section */
		1E752D1B1C7344C200F2EBB0 /* learnIos.xcdatamodeld */ = {
			isa = XCVersionGroup;
			children = (
				1E752D1C1C7344C200F2EBB0 /* learnIos.xcdatamodel */,
			);
			currentVersion = 1E752D1C1C7344C200F2EBB0 /* learnIos.xcdatamodel */;
			path = learnIos.xcdatamodeld;
			sourceTree = "<group>";
			versionGroupType = wrapper.xcdatamodel;
		};
/* End XCVersionGroup section */
	};
	rootObject = 1E752D041C7344C200F2EBB0 /* Project object */;
}
